
Microsoft Visual Studio Solution File, Format Version 12.00
# Visual Studio Version 16
VisualStudioVersion = 16.0.30804.86
MinimumVisualStudioVersion = 10.0.40219.1
Project("{FAE04EC0-301F-11D3-BF4B-00C04F79EFBC}") = "PruebaMVC", "PruebaMVC\PruebaMVC.csproj", "{0FFEE4BF-269C-4C64-ADDD-499CBCA52DD3}"
EndProject
Global
	GlobalSection(SolutionConfigurationPlatforms) = preSolution
		Debug|Any CPU = Debug|Any CPU
		Release|Any CPU = Release|Any CPU
	EndGlobalSection
	GlobalSection(ProjectConfigurationPlatforms) = postSolution
		{0FFEE4BF-269C-4C64-ADDD-499CBCA52DD3}.Debug|Any CPU.ActiveCfg = Debug|Any CPU
		{0FFEE4BF-269C-4C64-ADDD-499CBCA52DD3}.Debug|Any CPU.Build.0 = Debug|Any CPU
		{0FFEE4BF-269C-4C64-ADDD-499CBCA52DD3}.Release|Any CPU.ActiveCfg = Release|Any CPU
		{0FFEE4BF-269C-4C64-ADDD-499CBCA52DD3}.Release|Any CPU.Build.0 = Release|Any CPU
	EndGlobalSection
	GlobalSection(SolutionProperties) = preSolution
		HideSolutionNode = FALSE
	EndGlobalSection
	GlobalSection(ExtensibilityGlobals) = postSolution
		SolutionGuid = {8D887864-B9AB-4A7B-B793-31E6601AA024}
	EndGlobalSection
EndGlobal
